PODS:
  - Alamofire (4.7.0)
  - Realm (3.3.0):
    - Realm/Headers (= 3.3.0)
  - Realm/Headers (3.3.0)
  - RealmSwift (3.3.0):
    - Realm (= 3.3.0)
  - SVProgressHUD (2.2.5)
  - SwiftyJSON (4.0.0)
  - SwipeCellKit (2.1.0)

DEPENDENCIES:
  - Alamofire
  - RealmSwift
  - SVProgressHUD
  - SwiftyJSON
  - SwipeCellKit

SPEC CHECKSUMS:
  Alamofire: 907e0a98eb68cdb7f9d1f541a563d6ac5dc77b25
  Realm: 7d74ad6c5020432f58fe5e1df90bb6d97b2c7fef
  RealmSwift: b2fa31a09c22e246026766557405505eeaad2b01
  SVProgressHUD: 1428aafac632c1f86f62aa4243ec12008d7a51d6
  SwiftyJSON: 070dabdcb1beb81b247c65ffa3a79dbbfb3b48aa
  SwipeCellKit: 80bdb188166484d8a0d813d9fd7748ad33181815

PODFILE CHECKSUM: 9871730c6145da3fa552295abe179c7243692c87

COCOAPODS: 1.4.0
