// !$*UTF8*$!
{
	archiveVersion = 1;
	classes = {
	};
	objectVersion = 50;
	objects = {

/* Begin PBXBuildFile section */
		15CA09E2207FDCC600DCE93B /* AppDelegate.swift in Sources */ = {isa = PBXBuildFile; fileRef = 15CA09E1207FDCC600DCE93B /* AppDelegate.swift */; };
		15CA09E4207FDCC600DCE93B /* ViewController.swift in Sources */ = {isa = PBXBuildFile; fileRef = 15CA09E3207FDCC600DCE93B /* ViewController.swift */; };
		15CA09E7207FDCC600DCE93B /* Main.storyboard in Resources */ = {isa = PBXBuildFile; fileRef = 15CA09E5207FDCC600DCE93B /* Main.storyboard */; };
		15CA09E9207FDCC600DCE93B /* Assets.xcassets in Resources */ = {isa = PBXBuildFile; fileRef = 15CA09E8207FDCC600DCE93B /* Assets.xcassets */; };
		15CA09EC207FDCC600DCE93B /* LaunchScreen.storyboard in Resources */ = {isa = PBXBuildFile; fileRef = 15CA09EA207FDCC600DCE93B /* LaunchScreen.storyboard */; };
		15CA09F4207FE8AD00DCE93B /* Countries.swift in Sources */ = {isa = PBXBuildFile; fileRef = 15CA09F3207FE8AD00DCE93B /* Countries.swift */; };
		15CA09F6207FED9D00DCE93B /* ResultsTableViewController.swift in Sources */ = {isa = PBXBuildFile; fileRef = 15CA09F5207FED9D00DCE93B /* ResultsTableViewController.swift */; };
		15CA09FA207FF19D00DCE93B /* CarProperty.swift in Sources */ = {isa = PBXBuildFile; fileRef = 15CA09F9207FF19D00DCE93B /* CarProperty.swift */; };
		15CA09FC207FF57800DCE93B /* ImageViewExtension.swift in Sources */ = {isa = PBXBuildFile; fileRef = 15CA09FB207FF57800DCE93B /* ImageViewExtension.swift */; };
		1A1773F12081006B00244649 /* Localizable.strings in Resources */ = {isa = PBXBuildFile; fileRef = 1A1773EF2081006B00244649 /* Localizable.strings */; };
		1A4BABBC2080BF9100F3E7B6 /* secret.swift in Sources */ = {isa = PBXBuildFile; fileRef = 1A4BABBB2080BF9100F3E7B6 /* secret.swift */; };
		1A4BABBE2080C23200F3E7B6 /* MakesTableViewController.swift in Sources */ = {isa = PBXBuildFile; fileRef = 1A4BABBD2080C23200F3E7B6 /* MakesTableViewController.swift */; };
		1A4BABC02080C24300F3E7B6 /* ModelsTableViewController.swift in Sources */ = {isa = PBXBuildFile; fileRef = 1A4BABBF2080C24300F3E7B6 /* ModelsTableViewController.swift */; };
		1A4BABC22080C25300F3E7B6 /* VariantsTableViewController.swift in Sources */ = {isa = PBXBuildFile; fileRef = 1A4BABC12080C25300F3E7B6 /* VariantsTableViewController.swift */; };
		1A4BABC42080C2BC00F3E7B6 /* GlobalSettings.swift in Sources */ = {isa = PBXBuildFile; fileRef = 1A4BABC32080C2BC00F3E7B6 /* GlobalSettings.swift */; };
		1A4BABC62080C89A00F3E7B6 /* Utils.swift in Sources */ = {isa = PBXBuildFile; fileRef = 1A4BABC52080C89A00F3E7B6 /* Utils.swift */; };
		1A4BABC82080D3D100F3E7B6 /* HelpViewController.swift in Sources */ = {isa = PBXBuildFile; fileRef = 1A4BABC72080D3D100F3E7B6 /* HelpViewController.swift */; };
		D18049DB069CFD1CB865FB97 /* Pods_kba.framework in Frameworks */ = {isa = PBXBuildFile; fileRef = 3D1744E5929B79A3F7779374 /* Pods_kba.framework */; };
/* End PBXBuildFile section */

/* Begin PBXFileReference section */
		15CA09DE207FDCC600DCE93B /* kba.app */ = {isa = PBXFileReference; explicitFileType = wrapper.application; includeInIndex = 0; path = kba.app; sourceTree = BUILT_PRODUCTS_DIR; };
		15CA09E1207FDCC600DCE93B /* AppDelegate.swift */ = {isa = PBXFileReference; lastKnownFileType = sourcecode.swift; path = AppDelegate.swift; sourceTree = "<group>"; };
		15CA09E3207FDCC600DCE93B /* ViewController.swift */ = {isa = PBXFileReference; lastKnownFileType = sourcecode.swift; path = ViewController.swift; sourceTree = "<group>"; };
		15CA09E6207FDCC600DCE93B /* Base */ = {isa = PBXFileReference; lastKnownFileType = file.storyboard; name = Base; path = Base.lproj/Main.storyboard; sourceTree = "<group>"; };
		15CA09E8207FDCC600DCE93B /* Assets.xcassets */ = {isa = PBXFileReference; lastKnownFileType = folder.assetcatalog; path = Assets.xcassets; sourceTree = "<group>"; };
		15CA09EB207FDCC600DCE93B /* Base */ = {isa = PBXFileReference; lastKnownFileType = file.storyboard; name = Base; path = Base.lproj/LaunchScreen.storyboard; sourceTree = "<group>"; };
		15CA09ED207FDCC600DCE93B /* Info.plist */ = {isa = PBXFileReference; lastKnownFileType = text.plist.xml; path = Info.plist; sourceTree = "<group>"; };
		15CA09F3207FE8AD00DCE93B /* Countries.swift */ = {isa = PBXFileReference; lastKnownFileType = sourcecode.swift; path = Countries.swift; sourceTree = "<group>"; };
		15CA09F5207FED9D00DCE93B /* ResultsTableViewController.swift */ = {isa = PBXFileReference; lastKnownFileType = sourcecode.swift; path = ResultsTableViewController.swift; sourceTree = "<group>"; };
		15CA09F9207FF19D00DCE93B /* CarProperty.swift */ = {isa = PBXFileReference; lastKnownFileType = sourcecode.swift; path = CarProperty.swift; sourceTree = "<group>"; };
		15CA09FB207FF57800DCE93B /* ImageViewExtension.swift */ = {isa = PBXFileReference; lastKnownFileType = sourcecode.swift; path = ImageViewExtension.swift; sourceTree = "<group>"; };
		17BF78CCA463975319588B04 /* Pods-kba.debug.xcconfig */ = {isa = PBXFileReference; includeInIndex = 1; lastKnownFileType = text.xcconfig; name = "Pods-kba.debug.xcconfig"; path = "Pods/Target Support Files/Pods-kba/Pods-kba.debug.xcconfig"; sourceTree = "<group>"; };
		1A1773EB2080FA7B00244649 /* de */ = {isa = PBXFileReference; lastKnownFileType = text.plist.strings; name = de; path = de.lproj/Main.strings; sourceTree = "<group>"; };
		1A1773EC2080FA7C00244649 /* de */ = {isa = PBXFileReference; lastKnownFileType = text.plist.strings; name = de; path = de.lproj/LaunchScreen.strings; sourceTree = "<group>"; };
		1A1773F02081006B00244649 /* Base */ = {isa = PBXFileReference; lastKnownFileType = text.plist.strings; name = Base; path = Base.lproj/Localizable.strings; sourceTree = "<group>"; };
		1A1773F22081007000244649 /* de */ = {isa = PBXFileReference; lastKnownFileType = text.plist.strings; name = de; path = de.lproj/Localizable.strings; sourceTree = "<group>"; };
		1A4BABBB2080BF9100F3E7B6 /* secret.swift */ = {isa = PBXFileReference; fileEncoding = 4; lastKnownFileType = sourcecode.swift; path = secret.swift; sourceTree = "<group>"; };
		1A4BABBD2080C23200F3E7B6 /* MakesTableViewController.swift */ = {isa = PBXFileReference; lastKnownFileType = sourcecode.swift; path = MakesTableViewController.swift; sourceTree = "<group>"; };
		1A4BABBF2080C24300F3E7B6 /* ModelsTableViewController.swift */ = {isa = PBXFileReference; lastKnownFileType = sourcecode.swift; path = ModelsTableViewController.swift; sourceTree = "<group>"; };
		1A4BABC12080C25300F3E7B6 /* VariantsTableViewController.swift */ = {isa = PBXFileReference; lastKnownFileType = sourcecode.swift; path = VariantsTableViewController.swift; sourceTree = "<group>"; };
		1A4BABC32080C2BC00F3E7B6 /* GlobalSettings.swift */ = {isa = PBXFileReference; lastKnownFileType = sourcecode.swift; path = GlobalSettings.swift; sourceTree = "<group>"; };
		1A4BABC52080C89A00F3E7B6 /* Utils.swift */ = {isa = PBXFileReference; lastKnownFileType = sourcecode.swift; path = Utils.swift; sourceTree = "<group>"; };
		1A4BABC72080D3D100F3E7B6 /* HelpViewController.swift */ = {isa = PBXFileReference; lastKnownFileType = sourcecode.swift; path = HelpViewController.swift; sourceTree = "<group>"; };
		3D1744E5929B79A3F7779374 /* Pods_kba.framework */ = {isa = PBXFileReference; explicitFileType = wrapper.framework; includeInIndex = 0; path = Pods_kba.framework; sourceTree = BUILT_PRODUCTS_DIR; };
		C29D1C7EA2A2683F86091089 /* Pods-kba.release.xcconfig */ = {isa = PBXFileReference; includeInIndex = 1; lastKnownFileType = text.xcconfig; name = "Pods-kba.release.xcconfig"; path = "Pods/Target Support Files/Pods-kba/Pods-kba.release.xcconfig"; sourceTree = "<group>"; };
/* End PBXFileReference section */

/* Begin PBXFrameworksBuildPhase section */
		15CA09DB207FDCC500DCE93B /* Frameworks */ = {
			isa = PBXFrameworksBuildPhase;
			buildActionMask = 2147483647;
			files = (
				D18049DB069CFD1CB865FB97 /* Pods_kba.framework in Frameworks */,
			);
			runOnlyForDeploymentPostprocessing = 0;
		};
/* End PBXFrameworksBuildPhase section */

/* Begin PBXGroup section */
		15CA09D5207FDCC500DCE93B = {
			isa = PBXGroup;
			children = (
				15CA09E0207FDCC600DCE93B /* kba */,
				15CA09DF207FDCC600DCE93B /* Products */,
				2DD94B2E3D177D89563F6834 /* Pods */,
				31D382A12C452A8F3C7D8BB0 /* Frameworks */,
			);
			sourceTree = "<group>";
		};
		15CA09DF207FDCC600DCE93B /* Products */ = {
			isa = PBXGroup;
			children = (
				15CA09DE207FDCC600DCE93B /* kba.app */,
			);
			name = Products;
			sourceTree = "<group>";
		};
		15CA09E0207FDCC600DCE93B /* kba */ = {
			isa = PBXGroup;
			children = (
				1A4BABBB2080BF9100F3E7B6 /* secret.swift */,
				15CA09F8207FF17A00DCE93B /* Model */,
				15CA09E1207FDCC600DCE93B /* AppDelegate.swift */,
				15CA09E5207FDCC600DCE93B /* Main.storyboard */,
				15CA09E8207FDCC600DCE93B /* Assets.xcassets */,
				15CA09EA207FDCC600DCE93B /* LaunchScreen.storyboard */,
				15CA09ED207FDCC600DCE93B /* Info.plist */,
				15CA09F7207FEDAB00DCE93B /* Controllers */,
				15CA09FB207FF57800DCE93B /* ImageViewExtension.swift */,
				1A4BABC52080C89A00F3E7B6 /* Utils.swift */,
				1A1773EF2081006B00244649 /* Localizable.strings */,
			);
			path = kba;
			sourceTree = "<group>";
		};
		15CA09F7207FEDAB00DCE93B /* Controllers */ = {
			isa = PBXGroup;
			children = (
				15CA09E3207FDCC600DCE93B /* ViewController.swift */,
				15CA09F5207FED9D00DCE93B /* ResultsTableViewController.swift */,
				1A4BABBD2080C23200F3E7B6 /* MakesTableViewController.swift */,
				1A4BABBF2080C24300F3E7B6 /* ModelsTableViewController.swift */,
				1A4BABC12080C25300F3E7B6 /* VariantsTableViewController.swift */,
				1A4BABC72080D3D100F3E7B6 /* HelpViewController.swift */,
			);
			path = Controllers;
			sourceTree = "<group>";
		};
		15CA09F8207FF17A00DCE93B /* Model */ = {
			isa = PBXGroup;
			children = (
				15CA09F3207FE8AD00DCE93B /* Countries.swift */,
				15CA09F9207FF19D00DCE93B /* CarProperty.swift */,
				1A4BABC32080C2BC00F3E7B6 /* GlobalSettings.swift */,
			);
			path = Model;
			sourceTree = "<group>";
		};
		2DD94B2E3D177D89563F6834 /* Pods */ = {
			isa = PBXGroup;
			children = (
				17BF78CCA463975319588B04 /* Pods-kba.debug.xcconfig */,
				C29D1C7EA2A2683F86091089 /* Pods-kba.release.xcconfig */,
			);
			name = Pods;
			sourceTree = "<group>";
		};
		31D382A12C452A8F3C7D8BB0 /* Frameworks */ = {
			isa = PBXGroup;
			children = (
				3D1744E5929B79A3F7779374 /* Pods_kba.framework */,
			);
			name = Frameworks;
			sourceTree = "<group>";
		};
/* End PBXGroup section */

/* Begin PBXNativeTarget section */
		15CA09DD207FDCC500DCE93B /* kba */ = {
			isa = PBXNativeTarget;
			buildConfigurationList = 15CA09F0207FDCC600DCE93B /* Build configuration list for PBXNativeTarget "kba" */;
			buildPhases = (
				3630183915BBB4411ADF9EA5 /* [CP] Check Pods Manifest.lock */,
				15CA09DA207FDCC500DCE93B /* Sources */,
				15CA09DB207FDCC500DCE93B /* Frameworks */,
				15CA09DC207FDCC500DCE93B /* Resources */,
				92B2C4B688661F677594DE04 /* [CP] Embed Pods Frameworks */,
				C457F95B17626357EE6E4733 /* [CP] Copy Pods Resources */,
			);
			buildRules = (
			);
			dependencies = (
			);
			name = kba;
			productName = kba;
			productReference = 15CA09DE207FDCC600DCE93B /* kba.app */;
			productType = "com.apple.product-type.application";
		};
/* End PBXNativeTarget section */

/* Begin PBXProject section */
		15CA09D6207FDCC500DCE93B /* Project object */ = {
			isa = PBXProject;
			attributes = {
				LastSwiftUpdateCheck = 0930;
				LastUpgradeCheck = 0930;
				ORGANIZATIONNAME = "Fiach Reid";
				TargetAttributes = {
					15CA09DD207FDCC500DCE93B = {
						CreatedOnToolsVersion = 9.3;
					};
				};
			};
			buildConfigurationList = 15CA09D9207FDCC500DCE93B /* Build configuration list for PBXProject "kba" */;
			compatibilityVersion = "Xcode 9.3";
			developmentRegion = en;
			hasScannedForEncodings = 0;
			knownRegions = (
				en,
				Base,
				de,
			);
			mainGroup = 15CA09D5207FDCC500DCE93B;
			productRefGroup = 15CA09DF207FDCC600DCE93B /* Products */;
			projectDirPath = "";
			projectRoot = "";
			targets = (
				15CA09DD207FDCC500DCE93B /* kba */,
			);
		};
/* End PBXProject section */

/* Begin PBXResourcesBuildPhase section */
		15CA09DC207FDCC500DCE93B /* Resources */ = {
			isa = PBXResourcesBuildPhase;
			buildActionMask = 2147483647;
			files = (
				15CA09EC207FDCC600DCE93B /* LaunchScreen.storyboard in Resources */,
				1A1773F12081006B00244649 /* Localizable.strings in Resources */,
				15CA09E9207FDCC600DCE93B /* Assets.xcassets in Resources */,
				15CA09E7207FDCC600DCE93B /* Main.storyboard in Resources */,
			);
			runOnlyForDeploymentPostprocessing = 0;
		};
/* End PBXResourcesBuildPhase section */

/* Begin PBXShellScriptBuildPhase section */
		3630183915BBB4411ADF9EA5 /* [CP] Check Pods Manifest.lock */ = {
			isa = PBXShellScriptBuildPhase;
			buildActionMask = 2147483647;
			files = (
			);
			inputPaths = (
				"${PODS_PODFILE_DIR_PATH}/Podfile.lock",
				"${PODS_ROOT}/Manifest.lock",
			);
			name = "[CP] Check Pods Manifest.lock";
			outputPaths = (
				"$(DERIVED_FILE_DIR)/Pods-kba-checkManifestLockResult.txt",
			);
			runOnlyForDeploymentPostprocessing = 0;
			shellPath = /bin/sh;
			shellScript = "diff \"${PODS_PODFILE_DIR_PATH}/Podfile.lock\" \"${PODS_ROOT}/Manifest.lock\" > /dev/null\nif [ $? != 0 ] ; then\n    # print error to STDERR\n    echo \"error: The sandbox is not in sync with the Podfile.lock. Run 'pod install' or update your CocoaPods installation.\" >&2\n    exit 1\nfi\n# This output is used by Xcode 'outputs' to avoid re-running this script phase.\necho \"SUCCESS\" > \"${SCRIPT_OUTPUT_FILE_0}\"\n";
			showEnvVarsInLog = 0;
		};
		92B2C4B688661F677594DE04 /* [CP] Embed Pods Frameworks */ = {
			isa = PBXShellScriptBuildPhase;
			buildActionMask = 2147483647;
			files = (
			);
			inputPaths = (
				"${SRCROOT}/Pods/Target Support Files/Pods-kba/Pods-kba-frameworks.sh",
				"${BUILT_PRODUCTS_DIR}/Alamofire/Alamofire.framework",
				"${BUILT_PRODUCTS_DIR}/SVProgressHUD/SVProgressHUD.framework",
				"${BUILT_PRODUCTS_DIR}/SwiftyJSON/SwiftyJSON.framework",
			);
			name = "[CP] Embed Pods Frameworks";
			outputPaths = (
				"${TARGET_BUILD_DIR}/${FRAMEWORKS_FOLDER_PATH}/Alamofire.framework",
				"${TARGET_BUILD_DIR}/${FRAMEWORKS_FOLDER_PATH}/SVProgressHUD.framework",
				"${TARGET_BUILD_DIR}/${FRAMEWORKS_FOLDER_PATH}/SwiftyJSON.framework",
			);
			runOnlyForDeploymentPostprocessing = 0;
			shellPath = /bin/sh;
			shellScript = "\"${SRCROOT}/Pods/Target Support Files/Pods-kba/Pods-kba-frameworks.sh\"\n";
			showEnvVarsInLog = 0;
		};
		C457F95B17626357EE6E4733 /* [CP] Copy Pods Resources */ = {
			isa = PBXShellScriptBuildPhase;
			buildActionMask = 2147483647;
			files = (
			);
			inputPaths = (
			);
			name = "[CP] Copy Pods Resources";
			outputPaths = (
			);
			runOnlyForDeploymentPostprocessing = 0;
			shellPath = /bin/sh;
			shellScript = "\"${SRCROOT}/Pods/Target Support Files/Pods-kba/Pods-kba-resources.sh\"\n";
			showEnvVarsInLog = 0;
		};
/* End PBXShellScriptBuildPhase section */

/* Begin PBXSourcesBuildPhase section */
		15CA09DA207FDCC500DCE93B /* Sources */ = {
			isa = PBXSourcesBuildPhase;
			buildActionMask = 2147483647;
			files = (
				15CA09FA207FF19D00DCE93B /* CarProperty.swift in Sources */,
				1A4BABC22080C25300F3E7B6 /* VariantsTableViewController.swift in Sources */,
				1A4BABBE2080C23200F3E7B6 /* MakesTableViewController.swift in Sources */,
				1A4BABC82080D3D100F3E7B6 /* HelpViewController.swift in Sources */,
				1A4BABC02080C24300F3E7B6 /* ModelsTableViewController.swift in Sources */,
				15CA09F6207FED9D00DCE93B /* ResultsTableViewController.swift in Sources */,
				1A4BABBC2080BF9100F3E7B6 /* secret.swift in Sources */,
				15CA09E4207FDCC600DCE93B /* ViewController.swift in Sources */,
				15CA09F4207FE8AD00DCE93B /* Countries.swift in Sources */,
				15CA09FC207FF57800DCE93B /* ImageViewExtension.swift in Sources */,
				1A4BABC42080C2BC00F3E7B6 /* GlobalSettings.swift in Sources */,
				15CA09E2207FDCC600DCE93B /* AppDelegate.swift in Sources */,
				1A4BABC62080C89A00F3E7B6 /* Utils.swift in Sources */,
			);
			runOnlyForDeploymentPostprocessing = 0;
		};
/* End PBXSourcesBuildPhase section */

/* Begin PBXVariantGroup section */
		15CA09E5207FDCC600DCE93B /* Main.storyboard */ = {
			isa = PBXVariantGroup;
			children = (
				15CA09E6207FDCC600DCE93B /* Base */,
				1A1773EB2080FA7B00244649 /* de */,
			);
			name = Main.storyboard;
			sourceTree = "<group>";
		};
		15CA09EA207FDCC600DCE93B /* LaunchScreen.storyboard */ = {
			isa = PBXVariantGroup;
			children = (
				15CA09EB207FDCC600DCE93B /* Base */,
				1A1773EC2080FA7C00244649 /* de */,
			);
			name = LaunchScreen.storyboard;
			sourceTree = "<group>";
		};
		1A1773EF2081006B00244649 /* Localizable.strings */ = {
			isa = PBXVariantGroup;
			children = (
				1A1773F02081006B00244649 /* Base */,
				1A1773F22081007000244649 /* de */,
			);
			name = Localizable.strings;
			sourceTree = "<group>";
		};
/* End PBXVariantGroup section */

/* Begin XCBuildConfiguration section */
		15CA09EE207FDCC600DCE93B /* Debug */ = {
			isa = XCBuildConfiguration;
			buildSettings = {
				ALWAYS_SEARCH_USER_PATHS = NO;
				CLANG_ANALYZER_LOCALIZABILITY_NONLOCALIZED = YES;
				CLANG_ANALYZER_NONNULL = YES;
				CLANG_ANALYZER_NUMBER_OBJECT_CONVERSION = YES_AGGRESSIVE;
				CLANG_CXX_LANGUAGE_STANDARD = "gnu++14";
				CLANG_CXX_LIBRARY = "libc++";
				CLANG_ENABLE_MODULES = YES;
				CLANG_ENABLE_OBJC_ARC = YES;
				CLANG_ENABLE_OBJC_WEAK = YES;
				CLANG_WARN_BLOCK_CAPTURE_AUTORELEASING = YES;
				CLANG_WARN_BOOL_CONVERSION = YES;
				CLANG_WARN_COMMA = YES;
				CLANG_WARN_CONSTANT_CONVERSION = YES;
				CLANG_WARN_DEPRECATED_OBJC_IMPLEMENTATIONS = YES;
				CLANG_WARN_DIRECT_OBJC_ISA_USAGE = YES_ERROR;
				CLANG_WARN_DOCUMENTATION_COMMENTS = YES;
				CLANG_WARN_EMPTY_BODY = YES;
				CLANG_WARN_ENUM_CONVERSION = YES;
				CLANG_WARN_INFINITE_RECURSION = YES;
				CLANG_WARN_INT_CONVERSION = YES;
				CLANG_WARN_NON_LITERAL_NULL_CONVERSION = YES;
				CLANG_WARN_OBJC_IMPLICIT_RETAIN_SELF = YES;
				CLANG_WARN_OBJC_LITERAL_CONVERSION = YES;
				CLANG_WARN_OBJC_ROOT_CLASS = YES_ERROR;
				CLANG_WARN_RANGE_LOOP_ANALYSIS = YES;
				CLANG_WARN_STRICT_PROTOTYPES = YES;
				CLANG_WARN_SUSPICIOUS_MOVE = YES;
				CLANG_WARN_UNGUARDED_AVAILABILITY = YES_AGGRESSIVE;
				CLANG_WARN_UNREACHABLE_CODE = YES;
				CLANG_WARN__DUPLICATE_METHOD_MATCH = YES;
				CODE_SIGN_IDENTITY = "iPhone Developer";
				COPY_PHASE_STRIP = NO;
				DEBUG_INFORMATION_FORMAT = dwarf;
				ENABLE_STRICT_OBJC_MSGSEND = YES;
				ENABLE_TESTABILITY = YES;
				GCC_C_LANGUAGE_STANDARD = gnu11;
				GCC_DYNAMIC_NO_PIC = NO;
				GCC_NO_COMMON_BLOCKS = YES;
				GCC_OPTIMIZATION_LEVEL = 0;
				GCC_PREPROCESSOR_DEFINITIONS = (
					"DEBUG=1",
					"$(inherited)",
				);
				GCC_WARN_64_TO_32_BIT_CONVERSION = YES;
				GCC_WARN_ABOUT_RETURN_TYPE = YES_ERROR;
				GCC_WARN_UNDECLARED_SELECTOR = YES;
				GCC_WARN_UNINITIALIZED_AUTOS = YES_AGGRESSIVE;
				GCC_WARN_UNUSED_FUNCTION = YES;
				GCC_WARN_UNUSED_VARIABLE = YES;
				IPHONEOS_DEPLOYMENT_TARGET = 11.3;
				MTL_ENABLE_DEBUG_INFO = YES;
				ONLY_ACTIVE_ARCH = YES;
				SDKROOT = iphoneos;
				SWIFT_ACTIVE_COMPILATION_CONDITIONS = DEBUG;
				SWIFT_OPTIMIZATION_LEVEL = "-Onone";
			};
			name = Debug;
		};
		15CA09EF207FDCC600DCE93B /* Release */ = {
			isa = XCBuildConfiguration;
			buildSettings = {
				ALWAYS_SEARCH_USER_PATHS = NO;
				CLANG_ANALYZER_LOCALIZABILITY_NONLOCALIZED = YES;
				CLANG_ANALYZER_NONNULL = YES;
				CLANG_ANALYZER_NUMBER_OBJECT_CONVERSION = YES_AGGRESSIVE;
				CLANG_CXX_LANGUAGE_STANDARD = "gnu++14";
				CLANG_CXX_LIBRARY = "libc++";
				CLANG_ENABLE_MODULES = YES;
				CLANG_ENABLE_OBJC_ARC = YES;
				CLANG_ENABLE_OBJC_WEAK = YES;
				CLANG_WARN_BLOCK_CAPTURE_AUTORELEASING = YES;
				CLANG_WARN_BOOL_CONVERSION = YES;
				CLANG_WARN_COMMA = YES;
				CLANG_WARN_CONSTANT_CONVERSION = YES;
				CLANG_WARN_DEPRECATED_OBJC_IMPLEMENTATIONS = YES;
				CLANG_WARN_DIRECT_OBJC_ISA_USAGE = YES_ERROR;
				CLANG_WARN_DOCUMENTATION_COMMENTS = YES;
				CLANG_WARN_EMPTY_BODY = YES;
				CLANG_WARN_ENUM_CONVERSION = YES;
				CLANG_WARN_INFINITE_RECURSION = YES;
				CLANG_WARN_INT_CONVERSION = YES;
				CLANG_WARN_NON_LITERAL_NULL_CONVERSION = YES;
				CLANG_WARN_OBJC_IMPLICIT_RETAIN_SELF = YES;
				CLANG_WARN_OBJC_LITERAL_CONVERSION = YES;
				CLANG_WARN_OBJC_ROOT_CLASS = YES_ERROR;
				CLANG_WARN_RANGE_LOOP_ANALYSIS = YES;
				CLANG_WARN_STRICT_PROTOTYPES = YES;
				CLANG_WARN_SUSPICIOUS_MOVE = YES;
				CLANG_WARN_UNGUARDED_AVAILABILITY = YES_AGGRESSIVE;
				CLANG_WARN_UNREACHABLE_CODE = YES;
				CLANG_WARN__DUPLICATE_METHOD_MATCH = YES;
				CODE_SIGN_IDENTITY = "iPhone Developer";
				COPY_PHASE_STRIP = NO;
				DEBUG_INFORMATION_FORMAT = "dwarf-with-dsym";
				ENABLE_NS_ASSERTIONS = NO;
				ENABLE_STRICT_OBJC_MSGSEND = YES;
				GCC_C_LANGUAGE_STANDARD = gnu11;
				GCC_NO_COMMON_BLOCKS = YES;
				GCC_WARN_64_TO_32_BIT_CONVERSION = YES;
				GCC_WARN_ABOUT_RETURN_TYPE = YES_ERROR;
				GCC_WARN_UNDECLARED_SELECTOR = YES;
				GCC_WARN_UNINITIALIZED_AUTOS = YES_AGGRESSIVE;
				GCC_WARN_UNUSED_FUNCTION = YES;
				GCC_WARN_UNUSED_VARIABLE = YES;
				IPHONEOS_DEPLOYMENT_TARGET = 11.3;
				MTL_ENABLE_DEBUG_INFO = NO;
				SDKROOT = iphoneos;
				SWIFT_COMPILATION_MODE = wholemodule;
				SWIFT_OPTIMIZATION_LEVEL = "-O";
				VALIDATE_PRODUCT = YES;
			};
			name = Release;
		};
		15CA09F1207FDCC600DCE93B /* Debug */ = {
			isa = XCBuildConfiguration;
			baseConfigurationReference = 17BF78CCA463975319588B04 /* Pods-kba.debug.xcconfig */;
			buildSettings = {
				ASSETCATALOG_COMPILER_APPICON_NAME = AppIcon;
				CODE_SIGN_IDENTITY = "iPhone Distribution";
				CODE_SIGN_STYLE = Manual;
				DEVELOPMENT_TEAM = XZQ8K36FD6;
				INFOPLIST_FILE = kba/Info.plist;
				LD_RUNPATH_SEARCH_PATHS = (
					"$(inherited)",
					"@executable_path/Frameworks",
				);
				PRODUCT_BUNDLE_IDENTIFIER = fiach.fiach.kba;
				PRODUCT_NAME = "$(TARGET_NAME)";
				PROVISIONING_PROFILE = "52423676-860a-4f27-839b-18c511b0fea3";
				PROVISIONING_PROFILE_SPECIFIER = "Fiach Wildcard Distribution 2018";
				SWIFT_VERSION = 4.0;
				TARGETED_DEVICE_FAMILY = "1,2";
			};
			name = Debug;
		};
		15CA09F2207FDCC600DCE93B /* Release */ = {
			isa = XCBuildConfiguration;
			baseConfigurationReference = C29D1C7EA2A2683F86091089 /* Pods-kba.release.xcconfig */;
			buildSettings = {
				ASSETCATALOG_COMPILER_APPICON_NAME = AppIcon;
				CODE_SIGN_IDENTITY = "iPhone Distribution";
				CODE_SIGN_STYLE = Manual;
				DEVELOPMENT_TEAM = XZQ8K36FD6;
				INFOPLIST_FILE = kba/Info.plist;
				LD_RUNPATH_SEARCH_PATHS = (
					"$(inherited)",
					"@executable_path/Frameworks",
				);
				PRODUCT_BUNDLE_IDENTIFIER = fiach.fiach.kba;
				PRODUCT_NAME = "$(TARGET_NAME)";
				PROVISIONING_PROFILE = "52423676-860a-4f27-839b-18c511b0fea3";
				PROVISIONING_PROFILE_SPECIFIER = "Fiach Wildcard Distribution 2018";
				SWIFT_VERSION = 4.0;
				TARGETED_DEVICE_FAMILY = "1,2";
			};
			name = Release;
		};
/* End XCBuildConfiguration section */

/* Begin XCConfigurationList section */
		15CA09D9207FDCC500DCE93B /* Build configuration list for PBXProject "kba" */ = {
			isa = XCConfigurationList;
			buildConfigurations = (
				15CA09EE207FDCC600DCE93B /* Debug */,
				15CA09EF207FDCC600DCE93B /* Release */,
			);
			defaultConfigurationIsVisible = 0;
			defaultConfigurationName = Release;
		};
		15CA09F0207FDCC600DCE93B /* Build configuration list for PBXNativeTarget "kba" */ = {
			isa = XCConfigurationList;
			buildConfigurations = (
				15CA09F1207FDCC600DCE93B /* Debug */,
				15CA09F2207FDCC600DCE93B /* Release */,
			);
			defaultConfigurationIsVisible = 0;
			defaultConfigurationName = Release;
		};
/* End XCConfigurationList section */
	};
	rootObject = 15CA09D6207FDCC500DCE93B /* Project object */;
}
